// !$*UTF8*$!
{
	archiveVersion = 1;
	classes = {
	};
	objectVersion = 50;
	objects = {

/* Begin PBXBuildFile section */
		97315C252610719200719974 /* MainCustomCell.swift in Sources */ = {isa = PBXBuildFile; fileRef = 97315C242610719200719974 /* MainCustomCell.swift */; };
		97315C292610741600719974 /* Country.swift in Sources */ = {isa = PBXBuildFile; fileRef = 97315C282610741600719974 /* Country.swift */; };
		97315C2C2610749800719974 /* Weather.swift in Sources */ = {isa = PBXBuildFile; fileRef = 97315C2B2610749800719974 /* Weather.swift */; };
		979BC012260BB68000F848DE /* AppDelegate.swift in Sources */ = {isa = PBXBuildFile; fileRef = 979BC011260BB68000F848DE /* AppDelegate.swift */; };
		979BC014260BB68000F848DE /* SceneDelegate.swift in Sources */ = {isa = PBXBuildFile; fileRef = 979BC013260BB68000F848DE /* SceneDelegate.swift */; };
		979BC016260BB68000F848DE /* ViewController.swift in Sources */ = {isa = PBXBuildFile; fileRef = 979BC015260BB68000F848DE /* ViewController.swift */; };
		979BC019260BB68000F848DE /* Main.storyboard in Resources */ = {isa = PBXBuildFile; fileRef = 979BC017260BB68000F848DE /* Main.storyboard */; };
		979BC01B260BB68100F848DE /* Assets.xcassets in Resources */ = {isa = PBXBuildFile; fileRef = 979BC01A260BB68100F848DE /* Assets.xcassets */; };
		979BC01E260BB68100F848DE /* LaunchScreen.storyboard in Resources */ = {isa = PBXBuildFile; fileRef = 979BC01C260BB68100F848DE /* LaunchScreen.storyboard */; };
		97C9B5582610C68700E8453C /* WeatherViewController.swift in Sources */ = {isa = PBXBuildFile; fileRef = 97C9B5572610C68700E8453C /* WeatherViewController.swift */; };
		97C9B55B2610CD2B00E8453C /* WeatherCustomCell.swift in Sources */ = {isa = PBXBuildFile; fileRef = 97C9B55A2610CD2B00E8453C /* WeatherCustomCell.swift */; };
		97C9B55F2610DDC400E8453C /* DetailViewController.swift in Sources */ = {isa = PBXBuildFile; fileRef = 97C9B55E2610DDC400E8453C /* DetailViewController.swift */; };
/* End PBXBuildFile section */

/* Begin PBXFileReference section */
		97315C242610719200719974 /* MainCustomCell.swift */ = {isa = PBXFileReference; lastKnownFileType = sourcecode.swift; path = MainCustomCell.swift; sourceTree = "<group>"; };
		97315C282610741600719974 /* Country.swift */ = {isa = PBXFileReference; lastKnownFileType = sourcecode.swift; path = Country.swift; sourceTree = "<group>"; };
		97315C2B2610749800719974 /* Weather.swift */ = {isa = PBXFileReference; lastKnownFileType = sourcecode.swift; path = Weather.swift; sourceTree = "<group>"; };
		979BC00E260BB68000F848DE /* weather_app.app */ = {isa = PBXFileReference; explicitFileType = wrapper.application; includeInIndex = 0; path = weather_app.app; sourceTree = BUILT_PRODUCTS_DIR; };
		979BC011260BB68000F848DE /* AppDelegate.swift */ = {isa = PBXFileReference; lastKnownFileType = sourcecode.swift; path = AppDelegate.swift; sourceTree = "<group>"; };
		979BC013260BB68000F848DE /* SceneDelegate.swift */ = {isa = PBXFileReference; lastKnownFileType = sourcecode.swift; path = SceneDelegate.swift; sourceTree = "<group>"; };
		979BC015260BB68000F848DE /* ViewController.swift */ = {isa = PBXFileReference; lastKnownFileType = sourcecode.swift; path = ViewController.swift; sourceTree = "<group>"; };
		979BC018260BB68000F848DE /* Base */ = {isa = PBXFileReference; lastKnownFileType = file.storyboard; name = Base; path = Base.lproj/Main.storyboard; sourceTree = "<group>"; };
		979BC01A260BB68100F848DE /* Assets.xcassets */ = {isa = PBXFileReference; lastKnownFileType = folder.assetcatalog; path = Assets.xcassets; sourceTree = "<group>"; };
		979BC01D260BB68100F848DE /* Base */ = {isa = PBXFileReference; lastKnownFileType = file.storyboard; name = Base; path = Base.lproj/LaunchScreen.storyboard; sourceTree = "<group>"; };
		979BC01F260BB68100F848DE /* Info.plist */ = {isa = PBXFileReference; lastKnownFileType = text.plist.xml; path = Info.plist; sourceTree = "<group>"; };
		97C9B5572610C68700E8453C /* WeatherViewController.swift */ = {isa = PBXFileReference; lastKnownFileType = sourcecode.swift; path = WeatherViewController.swift; sourceTree = "<group>"; };
		97C9B55A2610CD2B00E8453C /* WeatherCustomCell.swift */ = {isa = PBXFileReference; lastKnownFileType = sourcecode.swift; path = WeatherCustomCell.swift; sourceTree = "<group>"; };
		97C9B55E2610DDC400E8453C /* DetailViewController.swift */ = {isa = PBXFileReference; lastKnownFileType = sourcecode.swift; path = DetailViewController.swift; sourceTree = "<group>"; };
/* End PBXFileReference section */

/* Begin PBXFrameworksBuildPhase section */
		979BC00B260BB68000F848DE /* Frameworks */ = {
			isa = PBXFrameworksBuildPhase;
			buildActionMask = 2147483647;
			files = (
			);
			runOnlyForDeploymentPostprocessing = 0;
		};
/* End PBXFrameworksBuildPhase section */

/* Begin PBXGroup section */
		97315C202610716100719974 /* Cells */ = {
			isa = PBXGroup;
			children = (
				97315C242610719200719974 /* MainCustomCell.swift */,
				97C9B55A2610CD2B00E8453C /* WeatherCustomCell.swift */,
			);
			path = Cells;
			sourceTree = "<group>";
		};
		97315C212610716A00719974 /* ViewControllers */ = {
			isa = PBXGroup;
			children = (
				979BC015260BB68000F848DE /* ViewController.swift */,
				97C9B5572610C68700E8453C /* WeatherViewController.swift */,
				97C9B55E2610DDC400E8453C /* DetailViewController.swift */,
			);
			path = ViewControllers;
			sourceTree = "<group>";
		};
		97315C222610717100719974 /* Models */ = {
			isa = PBXGroup;
			children = (
				97315C282610741600719974 /* Country.swift */,
				97315C2B2610749800719974 /* Weather.swift */,
			);
			path = Models;
			sourceTree = "<group>";
		};
		979BC005260BB68000F848DE = {
			isa = PBXGroup;
			children = (
				979BC010260BB68000F848DE /* weather_app */,
				979BC00F260BB68000F848DE /* Products */,
			);
			sourceTree = "<group>";
		};
		979BC00F260BB68000F848DE /* Products */ = {
			isa = PBXGroup;
			children = (
				979BC00E260BB68000F848DE /* weather_app.app */,
			);
			name = Products;
			sourceTree = "<group>";
		};
		979BC010260BB68000F848DE /* weather_app */ = {
			isa = PBXGroup;
			children = (
				97315C222610717100719974 /* Models */,
				97315C212610716A00719974 /* ViewControllers */,
				97315C202610716100719974 /* Cells */,
				979BC011260BB68000F848DE /* AppDelegate.swift */,
				979BC013260BB68000F848DE /* SceneDelegate.swift */,
				979BC017260BB68000F848DE /* Main.storyboard */,
				979BC01A260BB68100F848DE /* Assets.xcassets */,
				979BC01C260BB68100F848DE /* LaunchScreen.storyboard */,
				979BC01F260BB68100F848DE /* Info.plist */,
			);
			path = weather_app;
			sourceTree = "<group>";
		};
/* End PBXGroup section */

/* Begin PBXNativeTarget section */
		979BC00D260BB68000F848DE /* weather_app */ = {
			isa = PBXNativeTarget;
			buildConfigurationList = 979BC022260BB68100F848DE /* Build configuration list for PBXNativeTarget "weather_app" */;
			buildPhases = (
				979BC00A260BB68000F848DE /* Sources */,
				979BC00B260BB68000F848DE /* Frameworks */,
				979BC00C260BB68000F848DE /* Resources */,
			);
			buildRules = (
			);
			dependencies = (
			);
			name = weather_app;
			productName = weather_app;
			productReference = 979BC00E260BB68000F848DE /* weather_app.app */;
			productType = "com.apple.product-type.application";
		};
/* End PBXNativeTarget section */

/* Begin PBXProject section */
		979BC006260BB68000F848DE /* Project object */ = {
			isa = PBXProject;
			attributes = {
				LastSwiftUpdateCheck = 1240;
				LastUpgradeCheck = 1240;
				TargetAttributes = {
					979BC00D260BB68000F848DE = {
						CreatedOnToolsVersion = 12.4;
					};
				};
			};
			buildConfigurationList = 979BC009260BB68000F848DE /* Build configuration list for PBXProject "weather_app" */;
			compatibilityVersion = "Xcode 9.3";
			developmentRegion = en;
			hasScannedForEncodings = 0;
			knownRegions = (
				en,
				Base,
			);
			mainGroup = 979BC005260BB68000F848DE;
			productRefGroup = 979BC00F260BB68000F848DE /* Products */;
			projectDirPath = "";
			projectRoot = "";
			targets = (
				979BC00D260BB68000F848DE /* weather_app */,
			);
		};
/* End PBXProject section */

/* Begin PBXResourcesBuildPhase section */
		979BC00C260BB68000F848DE /* Resources */ = {
			isa = PBXResourcesBuildPhase;
			buildActionMask = 2147483647;
			files = (
				979BC01E260BB68100F848DE /* LaunchScreen.storyboard in Resources */,
				979BC01B260BB68100F848DE /* Assets.xcassets in Resources */,
				979BC019260BB68000F848DE /* Main.storyboard in Resources */,
			);
			runOnlyForDeploymentPostprocessing = 0;
		};
/* End PBXResourcesBuildPhase section */

/* Begin PBXSourcesBuildPhase section */
		979BC00A260BB68000F848DE /* Sources */ = {
			isa = PBXSourcesBuildPhase;
			buildActionMask = 2147483647;
			files = (
				97C9B55F2610DDC400E8453C /* DetailViewController.swift in Sources */,
				97C9B55B2610CD2B00E8453C /* WeatherCustomCell.swift in Sources */,
				979BC016260BB68000F848DE /* ViewController.swift in Sources */,
				979BC012260BB68000F848DE /* AppDelegate.swift in Sources */,
				979BC014260BB68000F848DE /* SceneDelegate.swift in Sources */,
				97315C292610741600719974 /* Country.swift in Sources */,
				97C9B5582610C68700E8453C /* WeatherViewController.swift in Sources */,
				97315C2C2610749800719974 /* Weather.swift in Sources */,
				97315C252610719200719974 /* MainCustomCell.swift in Sources */,
			);
			runOnlyForDeploymentPostprocessing = 0;
		};
/* End PBXSourcesBuildPhase section */

/* Begin PBXVariantGroup section */
		979BC017260BB68000F848DE /* Main.storyboard */ = {
			isa = PBXVariantGroup;
			children = (
				979BC018260BB68000F848DE /* Base */,
			);
			name = Main.storyboard;
			sourceTree = "<group>";
		};
		979BC01C260BB68100F848DE /* LaunchScreen.storyboard */ = {
			isa = PBXVariantGroup;
			children = (
				979BC01D260BB68100F848DE /* Base */,
			);
			name = LaunchScreen.storyboard;
			sourceTree = "<group>";
		};
/* End PBXVariantGroup section */

/* Begin XCBuildConfiguration section */
		979BC020260BB68100F848DE /* Debug */ = {
			isa = XCBuildConfiguration;
			buildSettings = {
				ALWAYS_SEARCH_USER_PATHS = NO;
				CLANG_ANALYZER_NONNULL = YES;
				CLANG_ANALYZER_NUMBER_OBJECT_CONVERSION = YES_AGGRESSIVE;
				CLANG_CXX_LANGUAGE_STANDARD = "gnu++14";
				CLANG_CXX_LIBRARY = "libc++";
				CLANG_ENABLE_MODULES = YES;
				CLANG_ENABLE_OBJC_ARC = YES;
				CLANG_ENABLE_OBJC_WEAK = YES;
				CLANG_WARN_BLOCK_CAPTURE_AUTORELEASING = YES;
				CLANG_WARN_BOOL_CONVERSION = YES;
				CLANG_WARN_COMMA = YES;
				CLANG_WARN_CONSTANT_CONVERSION = YES;
				CLANG_WARN_DEPRECATED_OBJC_IMPLEMENTATIONS = YES;
				CLANG_WARN_DIRECT_OBJC_ISA_USAGE = YES_ERROR;
				CLANG_WARN_DOCUMENTATION_COMMENTS = YES;
				CLANG_WARN_EMPTY_BODY = YES;
				CLANG_WARN_ENUM_CONVERSION = YES;
				CLANG_WARN_INFINITE_RECURSION = YES;
				CLANG_WARN_INT_CONVERSION = YES;
				CLANG_WARN_NON_LITERAL_NULL_CONVERSION = YES;
				CLANG_WARN_OBJC_IMPLICIT_RETAIN_SELF = YES;
				CLANG_WARN_OBJC_LITERAL_CONVERSION = YES;
				CLANG_WARN_OBJC_ROOT_CLASS = YES_ERROR;
				CLANG_WARN_QUOTED_INCLUDE_IN_FRAMEWORK_HEADER = YES;
				CLANG_WARN_RANGE_LOOP_ANALYSIS = YES;
				CLANG_WARN_STRICT_PROTOTYPES = YES;
				CLANG_WARN_SUSPICIOUS_MOVE = YES;
				CLANG_WARN_UNGUARDED_AVAILABILITY = YES_AGGRESSIVE;
				CLANG_WARN_UNREACHABLE_CODE = YES;
				CLANG_WARN__DUPLICATE_METHOD_MATCH = YES;
				COPY_PHASE_STRIP = NO;
				DEBUG_INFORMATION_FORMAT = dwarf;
				ENABLE_STRICT_OBJC_MSGSEND = YES;
				ENABLE_TESTABILITY = YES;
				GCC_C_LANGUAGE_STANDARD = gnu11;
				GCC_DYNAMIC_NO_PIC = NO;
				GCC_NO_COMMON_BLOCKS = YES;
				GCC_OPTIMIZATION_LEVEL = 0;
				GCC_PREPROCESSOR_DEFINITIONS = (
					"DEBUG=1",
					"$(inherited)",
				);
				GCC_WARN_64_TO_32_BIT_CONVERSION = YES;
				GCC_WARN_ABOUT_RETURN_TYPE = YES_ERROR;
				GCC_WARN_UNDECLARED_SELECTOR = YES;
				GCC_WARN_UNINITIALIZED_AUTOS = YES_AGGRESSIVE;
				GCC_WARN_UNUSED_FUNCTION = YES;
				GCC_WARN_UNUSED_VARIABLE = YES;
				IPHONEOS_DEPLOYMENT_TARGET = 14.4;
				MTL_ENABLE_DEBUG_INFO = INCLUDE_SOURCE;
				MTL_FAST_MATH = YES;
				ONLY_ACTIVE_ARCH = YES;
				SDKROOT = iphoneos;
				SWIFT_ACTIVE_COMPILATION_CONDITIONS = DEBUG;
				SWIFT_OPTIMIZATION_LEVEL = "-Onone";
			};
			name = Debug;
		};
		979BC021260BB68100F848DE /* Release */ = {
			isa = XCBuildConfiguration;
			buildSettings = {
				ALWAYS_SEARCH_USER_PATHS = NO;
				CLANG_ANALYZER_NONNULL = YES;
				CLANG_ANALYZER_NUMBER_OBJECT_CONVERSION = YES_AGGRESSIVE;
				CLANG_CXX_LANGUAGE_STANDARD = "gnu++14";
				CLANG_CXX_LIBRARY = "libc++";
				CLANG_ENABLE_MODULES = YES;
				CLANG_ENABLE_OBJC_ARC = YES;
				CLANG_ENABLE_OBJC_WEAK = YES;
				CLANG_WARN_BLOCK_CAPTURE_AUTORELEASING = YES;
				CLANG_WARN_BOOL_CONVERSION = YES;
				CLANG_WARN_COMMA = YES;
				CLANG_WARN_CONSTANT_CONVERSION = YES;
				CLANG_WARN_DEPRECATED_OBJC_IMPLEMENTATIONS = YES;
				CLANG_WARN_DIRECT_OBJC_ISA_USAGE = YES_ERROR;
				CLANG_WARN_DOCUMENTATION_COMMENTS = YES;
				CLANG_WARN_EMPTY_BODY = YES;
				CLANG_WARN_ENUM_CONVERSION = YES;
				CLANG_WARN_INFINITE_RECURSION = YES;
				CLANG_WARN_INT_CONVERSION = YES;
				CLANG_WARN_NON_LITERAL_NULL_CONVERSION = YES;
				CLANG_WARN_OBJC_IMPLICIT_RETAIN_SELF = YES;
				CLANG_WARN_OBJC_LITERAL_CONVERSION = YES;
				CLANG_WARN_OBJC_ROOT_CLASS = YES_ERROR;
				CLANG_WARN_QUOTED_INCLUDE_IN_FRAMEWORK_HEADER = YES;
				CLANG_WARN_RANGE_LOOP_ANALYSIS = YES;
				CLANG_WARN_STRICT_PROTOTYPES = YES;
				CLANG_WARN_SUSPICIOUS_MOVE = YES;
				CLANG_WARN_UNGUARDED_AVAILABILITY = YES_AGGRESSIVE;
				CLANG_WARN_UNREACHABLE_CODE = YES;
				CLANG_WARN__DUPLICATE_METHOD_MATCH = YES;
				COPY_PHASE_STRIP = NO;
				DEBUG_INFORMATION_FORMAT = "dwarf-with-dsym";
				ENABLE_NS_ASSERTIONS = NO;
				ENABLE_STRICT_OBJC_MSGSEND = YES;
				GCC_C_LANGUAGE_STANDARD = gnu11;
				GCC_NO_COMMON_BLOCKS = YES;
				GCC_WARN_64_TO_32_BIT_CONVERSION = YES;
				GCC_WARN_ABOUT_RETURN_TYPE = YES_ERROR;
				GCC_WARN_UNDECLARED_SELECTOR = YES;
				GCC_WARN_UNINITIALIZED_AUTOS = YES_AGGRESSIVE;
				GCC_WARN_UNUSED_FUNCTION = YES;
				GCC_WARN_UNUSED_VARIABLE = YES;
				IPHONEOS_DEPLOYMENT_TARGET = 14.4;
				MTL_ENABLE_DEBUG_INFO = NO;
				MTL_FAST_MATH = YES;
				SDKROOT = iphoneos;
				SWIFT_COMPILATION_MODE = wholemodule;
				SWIFT_OPTIMIZATION_LEVEL = "-O";
				VALIDATE_PRODUCT = YES;
			};
			name = Release;
		};
		979BC023260BB68100F848DE /* Debug */ = {
			isa = XCBuildConfiguration;
			buildSettings = {
				ASSETCATALOG_COMPILER_APPICON_NAME = AppIcon;
				ASSETCATALOG_COMPILER_GLOBAL_ACCENT_COLOR_NAME = AccentColor;
				CODE_SIGN_STYLE = Automatic;
				DEVELOPMENT_TEAM = 248DW5J4K5;
				INFOPLIST_FILE = weather_app/Info.plist;
				LD_RUNPATH_SEARCH_PATHS = (
					"$(inherited)",
					"@executable_path/Frameworks",
				);
				PRODUCT_BUNDLE_IDENTIFIER = "com.hunseong.weather-app";
				PRODUCT_NAME = "$(TARGET_NAME)";
				SWIFT_VERSION = 5.0;
				TARGETED_DEVICE_FAMILY = "1,2";
			};
			name = Debug;
		};
		979BC024260BB68100F848DE /* Release */ = {
			isa = XCBuildConfiguration;
			buildSettings = {
				ASSETCATALOG_COMPILER_APPICON_NAME = AppIcon;
				ASSETCATALOG_COMPILER_GLOBAL_ACCENT_COLOR_NAME = AccentColor;
				CODE_SIGN_STYLE = Automatic;
				DEVELOPMENT_TEAM = 248DW5J4K5;
				INFOPLIST_FILE = weather_app/Info.plist;
				LD_RUNPATH_SEARCH_PATHS = (
					"$(inherited)",
					"@executable_path/Frameworks",
				);
				PRODUCT_BUNDLE_IDENTIFIER = "com.hunseong.weather-app";
				PRODUCT_NAME = "$(TARGET_NAME)";
				SWIFT_VERSION = 5.0;
				TARGETED_DEVICE_FAMILY = "1,2";
			};
			name = Release;
		};
/* End XCBuildConfiguration section */

/* Begin XCConfigurationList section */
		979BC009260BB68000F848DE /* Build configuration list for PBXProject "weather_app" */ = {
			isa = XCConfigurationList;
			buildConfigurations = (
				979BC020260BB68100F848DE /* Debug */,
				979BC021260BB68100F848DE /* Release */,
			);
			defaultConfigurationIsVisible = 0;
			defaultConfigurationName = Release;
		};
		979BC022260BB68100F848DE /* Build configuration list for PBXNativeTarget "weather_app" */ = {
			isa = XCConfigurationList;
			buildConfigurations = (
				979BC023260BB68100F848DE /* Debug */,
				979BC024260BB68100F848DE /* Release */,
			);
			defaultConfigurationIsVisible = 0;
			defaultConfigurationName = Release;
		};
/* End XCConfigurationList section */
	};
	rootObject = 979BC006260BB68000F848DE /* Project object */;
}
